
Microsoft Visual Studio Solution File, Format Version 12.00
# Visual Studio Version 16
VisualStudioVersion = 16.0.31729.503
MinimumVisualStudioVersion = 10.0.40219.1
Project("{FAE04EC0-301F-11D3-BF4B-00C04F79EFBC}") = "Quan Ly Sinh Vien", "Quan Ly Sinh Vien\Quan Ly Sinh Vien.csproj", "{775D9383-B927-4123-B345-F4EFD28ADB28}"
EndProject
Global
	GlobalSection(SolutionConfigurationPlatforms) = preSolution
		Debug|Any CPU = Debug|Any CPU
		Release|Any CPU = Release|Any CPU
	EndGlobalSection
	GlobalSection(ProjectConfigurationPlatforms) = postSolution
		{775D9383-B927-4123-B345-F4EFD28ADB28}.Debug|Any CPU.ActiveCfg = Debug|Any CPU
		{775D9383-B927-4123-B345-F4EFD28ADB28}.Debug|Any CPU.Build.0 = Debug|Any CPU
		{775D9383-B927-4123-B345-F4EFD28ADB28}.Release|Any CPU.ActiveCfg = Release|Any CPU
		{775D9383-B927-4123-B345-F4EFD28ADB28}.Release|Any CPU.Build.0 = Release|Any CPU
	EndGlobalSection
	GlobalSection(SolutionProperties) = preSolution
		HideSolutionNode = FALSE
	EndGlobalSection
	GlobalSection(ExtensibilityGlobals) = postSolution
		SolutionGuid = {E445DDF4-16B2-4EF6-8802-FFF66E957884}
	EndGlobalSection
EndGlobal
